<Solution>
  <Folder Name="/Solution Items/">
    <File Path=".gitignore" />
  </Folder>
  <Project Path="CarInsurance/CarInsurance.csproj" Id="b7e7b9cf-70f1-42a7-bc7a-295bca6fa40f" />
  <Project Path="CodeFirstStudentApp/CodeFirstStudentApp.csproj" Id="075d81a6-39b6-47cd-a699-90728222e2c2" />
  <Project Path="MVCTutorial/MVCTutorial.csproj" Id="13b49dc7-8147-45e7-b79b-6e2927ab642c" />
  <Project Path="NewsletterAppMVC/NewsletterAppMVC.csproj" Id="4d1ab822-b564-4a9f-baff-3b55b76e0e08" />
  <Project Path="TechAcadStudentsMVC/TechAcadStudentsMVC.csproj" Id="0496b43f-82f5-4334-b263-198e24f588bb" />
  <Project Path="TechStoreInventory/TechStoreInventory.csproj" Id="672abd88-f760-42f7-88da-8150f6655aa0" />
  <Project Path="WebApplication1/WebApplication1.csproj" Id="dd955041-f53c-40ce-8c5c-db785f916bce" />
  <Project Path="WebApplication2/WebApplication2.csproj" Id="d3cca27a-27ae-4628-99b2-27ac5bc3a694" />
</Solution>
